
Microsoft Visual Studio Solution File, Format Version 12.00
# Visual Studio Version 16
VisualStudioVersion = 16.0.31702.278
MinimumVisualStudioVersion = 10.0.40219.1
Project("{FAE04EC0-301F-11D3-BF4B-00C04F79EFBC}") = "JWTWebApi", "JWTWebApi\JWTWebApi.csproj", "{77D4CD02-61AA-459D-BBEA-D377A541431F}"
EndProject
Global
	GlobalSection(SolutionConfigurationPlatforms) = preSolution
		Debug|Any CPU = Debug|Any CPU
		Release|Any CPU = Release|Any CPU
	EndGlobalSection
	GlobalSection(ProjectConfigurationPlatforms) = postSolution
		{77D4CD02-61AA-459D-BBEA-D377A541431F}.Debug|Any CPU.ActiveCfg = Debug|Any CPU
		{77D4CD02-61AA-459D-BBEA-D377A541431F}.Debug|Any CPU.Build.0 = Debug|Any CPU
		{77D4CD02-61AA-459D-BBEA-D377A541431F}.Release|Any CPU.ActiveCfg = Release|Any CPU
		{77D4CD02-61AA-459D-BBEA-D377A541431F}.Release|Any CPU.Build.0 = Release|Any CPU
	EndGlobalSection
	GlobalSection(SolutionProperties) = preSolution
		HideSolutionNode = FALSE
	EndGlobalSection
	GlobalSection(ExtensibilityGlobals) = postSolution
		SolutionGuid = {F0038318-CD29-4EF5-A9A4-06F048D90F48}
	EndGlobalSection
EndGlobal
